dependencies:
- name: helm-product
  repository: oci://ghcr.io/onecx/charts
  version: 0.3.0
- name: onecx-product-store-svc
  repository: oci://ghcr.io/onecx/charts
  version: 1.12.0-rc.6
- name: onecx-product-store-bff
  repository: oci://ghcr.io/onecx/charts
  version: 1.9.0-rc.6
- name: onecx-product-store-operator
  repository: oci://ghcr.io/onecx/charts
  version: 1.8.0-rc.1
- name: onecx-product-store-ui
  repository: oci://ghcr.io/onecx/charts
  version: 1.11.0-rc.4
digest: sha256:1c03624fa771c1eebd0f58afe4daa54be1dca4768e312d8d1feab837c8f1607c
generated: "2025-10-24T10:59:14.563378442Z"
