dependencies:
- name: helm-product
  repository: oci://ghcr.io/onecx/charts
  version: 0.3.0
- name: onecx-product-store-svc
  repository: oci://ghcr.io/onecx/charts
  version: 1.9.0-rc.18
- name: onecx-product-store-bff
  repository: oci://ghcr.io/onecx/charts
  version: 1.7.0-rc.15
- name: onecx-product-store-operator
  repository: oci://ghcr.io/onecx/charts
  version: 1.6.0-rc.15
- name: onecx-product-store-ui
  repository: oci://ghcr.io/onecx/charts
  version: 1.9.0-rc.27
digest: sha256:b064fec5942c3187b896c301adb817b0fc994dd90bb118b50f78bf08efe4edd4
generated: "2025-08-07T06:13:30.463876409Z"
