dependencies:
- name: helm-product
  repository: oci://ghcr.io/onecx/charts
  version: 0.1.0
- name: onecx-product-store-svc
  repository: oci://ghcr.io/onecx/charts
  version: 0.0.0-rc.59
- name: onecx-product-store-bff
  repository: oci://ghcr.io/onecx/charts
  version: 0.0.0-rc.37
- name: onecx-product-store-operator
  repository: oci://ghcr.io/onecx/charts
  version: 0.0.0-rc.21
- name: onecx-product-store-mfe-operator
  repository: oci://ghcr.io/onecx/charts
  version: 0.0.0-rc.25
- name: onecx-product-store-ms-operator
  repository: oci://ghcr.io/onecx/charts
  version: 0.0.0-rc.11
- name: onecx-product-store-ui
  repository: oci://ghcr.io/onecx/charts
  version: 0.0.0-rc.43
- name: onecx-product-store-slot-operator
  repository: oci://ghcr.io/onecx/charts
  version: 0.0.0-rc.5
digest: sha256:2cbeba1136d5106927e506307d9c82fe7782d159dd47eb5520b7d9a7cb7d1cb1
generated: "2024-05-28T09:33:29.453436837Z"
